// !$*UTF8*$!
{
	archiveVersion = 1;
	classes = {
	};
	objectVersion = 50;
	objects = {

/* Begin PBXBuildFile section */
		A0578331235E0ABA005A34E7 /* AppDelegateTests.swift in Sources */ = {isa = PBXBuildFile; fileRef = A0578330235E0ABA005A34E7 /* AppDelegateTests.swift */; };
		A09047C623675C520027EA41 /* ARView.swift in Sources */ = {isa = PBXBuildFile; fileRef = A09047C523675C520027EA41 /* ARView.swift */; };
		A09047C823675C6B0027EA41 /* ARViewModel.swift in Sources */ = {isa = PBXBuildFile; fileRef = A09047C723675C6B0027EA41 /* ARViewModel.swift */; };
		A09047CA23675C860027EA41 /* ARViewController.swift in Sources */ = {isa = PBXBuildFile; fileRef = A09047C923675C860027EA41 /* ARViewController.swift */; };
		A09047CC23675C9F0027EA41 /* CameraPreview.swift in Sources */ = {isa = PBXBuildFile; fileRef = A09047CB23675C9E0027EA41 /* CameraPreview.swift */; };
		A0BDE669235D9FB4006BBD03 /* AppDelegate.swift in Sources */ = {isa = PBXBuildFile; fileRef = A0BDE668235D9FB4006BBD03 /* AppDelegate.swift */; };
		A0BDE672235D9FB5006BBD03 /* Assets.xcassets in Resources */ = {isa = PBXBuildFile; fileRef = A0BDE671235D9FB5006BBD03 /* Assets.xcassets */; };
		A0BDE675235D9FB5006BBD03 /* LaunchScreen.storyboard in Resources */ = {isa = PBXBuildFile; fileRef = A0BDE673235D9FB5006BBD03 /* LaunchScreen.storyboard */; };
/* End PBXBuildFile section */

/* Begin PBXContainerItemProxy section */
		A0BDE67C235D9FB5006BBD03 /* PBXContainerItemProxy */ = {
			isa = PBXContainerItemProxy;
			containerPortal = A0BDE65D235D9FB4006BBD03 /* Project object */;
			proxyType = 1;
			remoteGlobalIDString = A0BDE664235D9FB4006BBD03;
			remoteInfo = "AR Localizer View";
		};
/* End PBXContainerItemProxy section */

/* Begin PBXFileReference section */
		A0578330235E0ABA005A34E7 /* AppDelegateTests.swift */ = {isa = PBXFileReference; lastKnownFileType = sourcecode.swift; path = AppDelegateTests.swift; sourceTree = "<group>"; };
		A0696717235F099D00B19C5E /* App-Development.xcconfig */ = {isa = PBXFileReference; fileEncoding = 4; lastKnownFileType = text.xcconfig; path = "App-Development.xcconfig"; sourceTree = "<group>"; };
		A0696718235F099D00B19C5E /* App-Base.xcconfig */ = {isa = PBXFileReference; fileEncoding = 4; lastKnownFileType = text.xcconfig; path = "App-Base.xcconfig"; sourceTree = "<group>"; };
		A0696719235F099D00B19C5E /* App-Staging.xcconfig */ = {isa = PBXFileReference; fileEncoding = 4; lastKnownFileType = text.xcconfig; path = "App-Staging.xcconfig"; sourceTree = "<group>"; };
		A069671B235F099E00B19C5E /* Common-Base.xcconfig */ = {isa = PBXFileReference; fileEncoding = 4; lastKnownFileType = text.xcconfig; path = "Common-Base.xcconfig"; sourceTree = "<group>"; };
		A069671C235F099E00B19C5E /* Common-Development.xcconfig */ = {isa = PBXFileReference; fileEncoding = 4; lastKnownFileType = text.xcconfig; path = "Common-Development.xcconfig"; sourceTree = "<group>"; };
		A069671D235F099E00B19C5E /* Common-Staging.xcconfig */ = {isa = PBXFileReference; fileEncoding = 4; lastKnownFileType = text.xcconfig; path = "Common-Staging.xcconfig"; sourceTree = "<group>"; };
		A069671F235F099E00B19C5E /* Tests-Base.xcconfig */ = {isa = PBXFileReference; fileEncoding = 4; lastKnownFileType = text.xcconfig; path = "Tests-Base.xcconfig"; sourceTree = "<group>"; };
		A09047C523675C520027EA41 /* ARView.swift */ = {isa = PBXFileReference; fileEncoding = 4; lastKnownFileType = sourcecode.swift; path = ARView.swift; sourceTree = "<group>"; };
		A09047C723675C6B0027EA41 /* ARViewModel.swift */ = {isa = PBXFileReference; fileEncoding = 4; lastKnownFileType = sourcecode.swift; path = ARViewModel.swift; sourceTree = "<group>"; };
		A09047C923675C860027EA41 /* ARViewController.swift */ = {isa = PBXFileReference; fileEncoding = 4; lastKnownFileType = sourcecode.swift; path = ARViewController.swift; sourceTree = "<group>"; };
		A09047CB23675C9E0027EA41 /* CameraPreview.swift */ = {isa = PBXFileReference; fileEncoding = 4; lastKnownFileType = sourcecode.swift; path = CameraPreview.swift; sourceTree = "<group>"; };
		A0BDE665235D9FB4006BBD03 /* AR Localizer.app */ = {isa = PBXFileReference; explicitFileType = wrapper.application; includeInIndex = 0; path = "AR Localizer.app"; sourceTree = BUILT_PRODUCTS_DIR; };
		A0BDE668235D9FB4006BBD03 /* AppDelegate.swift */ = {isa = PBXFileReference; lastKnownFileType = sourcecode.swift; path = AppDelegate.swift; sourceTree = "<group>"; };
		A0BDE671235D9FB5006BBD03 /* Assets.xcassets */ = {isa = PBXFileReference; lastKnownFileType = folder.assetcatalog; path = Assets.xcassets; sourceTree = "<group>"; };
		A0BDE674235D9FB5006BBD03 /* Base */ = {isa = PBXFileReference; lastKnownFileType = file.storyboard; name = Base; path = Base.lproj/LaunchScreen.storyboard; sourceTree = "<group>"; };
		A0BDE676235D9FB5006BBD03 /* Info.plist */ = {isa = PBXFileReference; lastKnownFileType = text.plist.xml; path = Info.plist; sourceTree = "<group>"; };
		A0BDE67B235D9FB5006BBD03 /* AR LocalizerTests.xctest */ = {isa = PBXFileReference; explicitFileType = wrapper.cfbundle; includeInIndex = 0; path = "AR LocalizerTests.xctest"; sourceTree = BUILT_PRODUCTS_DIR; };
		A0BDE681235D9FB5006BBD03 /* Info.plist */ = {isa = PBXFileReference; lastKnownFileType = text.plist.xml; path = Info.plist; sourceTree = "<group>"; };
/* End PBXFileReference section */

/* Begin PBXFrameworksBuildPhase section */
		A0BDE662235D9FB4006BBD03 /* Frameworks */ = {
			isa = PBXFrameworksBuildPhase;
			buildActionMask = 2147483647;
			files = (
			);
			runOnlyForDeploymentPostprocessing = 0;
		};
		A0BDE678235D9FB5006BBD03 /* Frameworks */ = {
			isa = PBXFrameworksBuildPhase;
			buildActionMask = 2147483647;
			files = (
			);
			runOnlyForDeploymentPostprocessing = 0;
		};
/* End PBXFrameworksBuildPhase section */

/* Begin PBXGroup section */
		A0696716235F099D00B19C5E /* App */ = {
			isa = PBXGroup;
			children = (
				A0696718235F099D00B19C5E /* App-Base.xcconfig */,
				A0696717235F099D00B19C5E /* App-Development.xcconfig */,
				A0696719235F099D00B19C5E /* App-Staging.xcconfig */,
			);
			path = App;
			sourceTree = "<group>";
		};
		A069671A235F099E00B19C5E /* Common */ = {
			isa = PBXGroup;
			children = (
				A069671B235F099E00B19C5E /* Common-Base.xcconfig */,
				A069671C235F099E00B19C5E /* Common-Development.xcconfig */,
				A069671D235F099E00B19C5E /* Common-Staging.xcconfig */,
			);
			path = Common;
			sourceTree = "<group>";
		};
		A069671E235F099E00B19C5E /* Tests */ = {
			isa = PBXGroup;
			children = (
				A069671F235F099E00B19C5E /* Tests-Base.xcconfig */,
			);
			path = Tests;
			sourceTree = "<group>";
		};
		A069672B235F09D800B19C5E /* Supporting Files */ = {
			isa = PBXGroup;
			children = (
				A0BDE681235D9FB5006BBD03 /* Info.plist */,
			);
			path = "Supporting Files";
			sourceTree = "<group>";
		};
		A069672C235F09E700B19C5E /* Source Files */ = {
			isa = PBXGroup;
			children = (
				A0578330235E0ABA005A34E7 /* AppDelegateTests.swift */,
			);
			path = "Source Files";
			sourceTree = "<group>";
		};
		A09047CD23675CE90027EA41 /* View Models */ = {
			isa = PBXGroup;
			children = (
				A09047C723675C6B0027EA41 /* ARViewModel.swift */,
			);
			path = "View Models";
			sourceTree = "<group>";
		};
		A09047CE23675CF30027EA41 /* ARView */ = {
			isa = PBXGroup;
			children = (
				A09047C923675C860027EA41 /* ARViewController.swift */,
				A09047C523675C520027EA41 /* ARView.swift */,
			);
			path = ARView;
			sourceTree = "<group>";
		};
		A09047CF23675D0B0027EA41 /* Views */ = {
			isa = PBXGroup;
			children = (
				A09047CE23675CF30027EA41 /* ARView */,
				A09047CB23675C9E0027EA41 /* CameraPreview.swift */,
			);
			path = Views;
			sourceTree = "<group>";
		};
		A09047D023675D150027EA41 /* Other */ = {
			isa = PBXGroup;
			children = (
				A0BDE668235D9FB4006BBD03 /* AppDelegate.swift */,
			);
			path = Other;
			sourceTree = "<group>";
		};
		A0BDE65C235D9FB4006BBD03 = {
			isa = PBXGroup;
			children = (
				A0BDE667235D9FB4006BBD03 /* AR Localizer */,
				A0BDE692235DB509006BBD03 /* Configuration */,
				A0BDE67E235D9FB5006BBD03 /* AR LocalizerTests */,
				A0BDE666235D9FB4006BBD03 /* Products */,
			);
			sourceTree = "<group>";
		};
		A0BDE666235D9FB4006BBD03 /* Products */ = {
			isa = PBXGroup;
			children = (
				A0BDE665235D9FB4006BBD03 /* AR Localizer.app */,
				A0BDE67B235D9FB5006BBD03 /* AR LocalizerTests.xctest */,
			);
			name = Products;
			sourceTree = "<group>";
		};
		A0BDE667235D9FB4006BBD03 /* AR Localizer */ = {
			isa = PBXGroup;
			children = (
				A0BDE68A235DAF75006BBD03 /* Source Files */,
				A0BDE68C235DAF86006BBD03 /* Interface */,
				A0BDE68B235DAF7E006BBD03 /* Resources */,
				A0BDE68D235DAF9D006BBD03 /* Supporting Files */,
			);
			path = "AR Localizer";
			sourceTree = "<group>";
		};
		A0BDE67E235D9FB5006BBD03 /* AR LocalizerTests */ = {
			isa = PBXGroup;
			children = (
				A069672C235F09E700B19C5E /* Source Files */,
				A069672B235F09D800B19C5E /* Supporting Files */,
			);
			path = "AR LocalizerTests";
			sourceTree = "<group>";
		};
		A0BDE68A235DAF75006BBD03 /* Source Files */ = {
			isa = PBXGroup;
			children = (
				A09047D023675D150027EA41 /* Other */,
				A09047CF23675D0B0027EA41 /* Views */,
				A09047CD23675CE90027EA41 /* View Models */,
			);
			path = "Source Files";
			sourceTree = "<group>";
		};
		A0BDE68B235DAF7E006BBD03 /* Resources */ = {
			isa = PBXGroup;
			children = (
				A0BDE671235D9FB5006BBD03 /* Assets.xcassets */,
			);
			path = Resources;
			sourceTree = "<group>";
		};
		A0BDE68C235DAF86006BBD03 /* Interface */ = {
			isa = PBXGroup;
			children = (
				A0BDE673235D9FB5006BBD03 /* LaunchScreen.storyboard */,
			);
			path = Interface;
			sourceTree = "<group>";
		};
		A0BDE68D235DAF9D006BBD03 /* Supporting Files */ = {
			isa = PBXGroup;
			children = (
				A0BDE676235D9FB5006BBD03 /* Info.plist */,
			);
			path = "Supporting Files";
			sourceTree = "<group>";
		};
		A0BDE692235DB509006BBD03 /* Configuration */ = {
			isa = PBXGroup;
			children = (
				A0696716235F099D00B19C5E /* App */,
				A069671A235F099E00B19C5E /* Common */,
				A069671E235F099E00B19C5E /* Tests */,
			);
			path = Configuration;
			sourceTree = "<group>";
		};
/* End PBXGroup section */

/* Begin PBXNativeTarget section */
		A0BDE664235D9FB4006BBD03 /* AR Localizer */ = {
			isa = PBXNativeTarget;
			buildConfigurationList = A0BDE684235D9FB5006BBD03 /* Build configuration list for PBXNativeTarget "AR Localizer" */;
			buildPhases = (
				A0BDE661235D9FB4006BBD03 /* Sources */,
				A0BDE662235D9FB4006BBD03 /* Frameworks */,
				A0BDE663235D9FB4006BBD03 /* Resources */,
				A0D18BAA235DD989000AFF0C /* ShellScript */,
			);
			buildRules = (
			);
			dependencies = (
			);
			name = "AR Localizer";
			productName = "AR Localizer View";
			productReference = A0BDE665235D9FB4006BBD03 /* AR Localizer.app */;
			productType = "com.apple.product-type.application";
		};
		A0BDE67A235D9FB5006BBD03 /* AR LocalizerTests */ = {
			isa = PBXNativeTarget;
			buildConfigurationList = A0BDE687235D9FB5006BBD03 /* Build configuration list for PBXNativeTarget "AR LocalizerTests" */;
			buildPhases = (
				A0BDE677235D9FB5006BBD03 /* Sources */,
				A0BDE678235D9FB5006BBD03 /* Frameworks */,
				A0BDE679235D9FB5006BBD03 /* Resources */,
			);
			buildRules = (
			);
			dependencies = (
				A0BDE67D235D9FB5006BBD03 /* PBXTargetDependency */,
			);
			name = "AR LocalizerTests";
			productName = "AR Localizer ViewTests";
			productReference = A0BDE67B235D9FB5006BBD03 /* AR LocalizerTests.xctest */;
			productType = "com.apple.product-type.bundle.unit-test";
		};
/* End PBXNativeTarget section */

/* Begin PBXProject section */
		A0BDE65D235D9FB4006BBD03 /* Project object */ = {
			isa = PBXProject;
			attributes = {
				LastSwiftUpdateCheck = 1110;
				LastUpgradeCheck = 1110;
				TargetAttributes = {
					A0BDE664235D9FB4006BBD03 = {
						CreatedOnToolsVersion = 11.1;
					};
					A0BDE67A235D9FB5006BBD03 = {
						CreatedOnToolsVersion = 11.1;
						LastSwiftMigration = 1110;
						TestTargetID = A0BDE664235D9FB4006BBD03;
					};
				};
			};
			buildConfigurationList = A0BDE660235D9FB4006BBD03 /* Build configuration list for PBXProject "AR Localizer" */;
			compatibilityVersion = "Xcode 9.3";
			developmentRegion = en;
			hasScannedForEncodings = 0;
			knownRegions = (
				en,
				Base,
			);
			mainGroup = A0BDE65C235D9FB4006BBD03;
			productRefGroup = A0BDE666235D9FB4006BBD03 /* Products */;
			projectDirPath = "";
			projectRoot = "";
			targets = (
				A0BDE664235D9FB4006BBD03 /* AR Localizer */,
				A0BDE67A235D9FB5006BBD03 /* AR LocalizerTests */,
			);
		};
/* End PBXProject section */

/* Begin PBXResourcesBuildPhase section */
		A0BDE663235D9FB4006BBD03 /* Resources */ = {
			isa = PBXResourcesBuildPhase;
			buildActionMask = 2147483647;
			files = (
				A0BDE675235D9FB5006BBD03 /* LaunchScreen.storyboard in Resources */,
				A0BDE672235D9FB5006BBD03 /* Assets.xcassets in Resources */,
			);
			runOnlyForDeploymentPostprocessing = 0;
		};
		A0BDE679235D9FB5006BBD03 /* Resources */ = {
			isa = PBXResourcesBuildPhase;
			buildActionMask = 2147483647;
			files = (
			);
			runOnlyForDeploymentPostprocessing = 0;
		};
/* End PBXResourcesBuildPhase section */

/* Begin PBXShellScriptBuildPhase section */
		A0D18BAA235DD989000AFF0C /* ShellScript */ = {
			isa = PBXShellScriptBuildPhase;
			buildActionMask = 2147483647;
			files = (
			);
			inputFileListPaths = (
			);
			inputPaths = (
			);
			outputFileListPaths = (
			);
			outputPaths = (
			);
			runOnlyForDeploymentPostprocessing = 0;
			shellPath = /bin/sh;
			shellScript = "if which swiftlint >/dev/null; then\n  swiftlint\nelse\n  echo \"error: SwiftLint not installed, download from https://github.com/realm/SwiftLint\"\nfi\n";
		};
/* End PBXShellScriptBuildPhase section */

/* Begin PBXSourcesBuildPhase section */
		A0BDE661235D9FB4006BBD03 /* Sources */ = {
			isa = PBXSourcesBuildPhase;
			buildActionMask = 2147483647;
			files = (
				A09047CC23675C9F0027EA41 /* CameraPreview.swift in Sources */,
				A09047C823675C6B0027EA41 /* ARViewModel.swift in Sources */,
				A0BDE669235D9FB4006BBD03 /* AppDelegate.swift in Sources */,
				A09047C623675C520027EA41 /* ARView.swift in Sources */,
				A09047CA23675C860027EA41 /* ARViewController.swift in Sources */,
			);
			runOnlyForDeploymentPostprocessing = 0;
		};
		A0BDE677235D9FB5006BBD03 /* Sources */ = {
			isa = PBXSourcesBuildPhase;
			buildActionMask = 2147483647;
			files = (
				A0578331235E0ABA005A34E7 /* AppDelegateTests.swift in Sources */,
			);
			runOnlyForDeploymentPostprocessing = 0;
		};
/* End PBXSourcesBuildPhase section */

/* Begin PBXTargetDependency section */
		A0BDE67D235D9FB5006BBD03 /* PBXTargetDependency */ = {
			isa = PBXTargetDependency;
			target = A0BDE664235D9FB4006BBD03 /* AR Localizer */;
			targetProxy = A0BDE67C235D9FB5006BBD03 /* PBXContainerItemProxy */;
		};
/* End PBXTargetDependency section */

/* Begin PBXVariantGroup section */
		A0BDE673235D9FB5006BBD03 /* LaunchScreen.storyboard */ = {
			isa = PBXVariantGroup;
			children = (
				A0BDE674235D9FB5006BBD03 /* Base */,
			);
			name = LaunchScreen.storyboard;
			sourceTree = "<group>";
		};
/* End PBXVariantGroup section */

/* Begin XCBuildConfiguration section */
		A0696710235EE6E800B19C5E /* Development */ = {
			isa = XCBuildConfiguration;
			baseConfigurationReference = A069671C235F099E00B19C5E /* Common-Development.xcconfig */;
			buildSettings = {
			};
			name = Development;
		};
		A0696711235EE6E800B19C5E /* Development */ = {
			isa = XCBuildConfiguration;
			baseConfigurationReference = A0696717235F099D00B19C5E /* App-Development.xcconfig */;
			buildSettings = {
			};
			name = Development;
		};
		A0696712235EE6E800B19C5E /* Development */ = {
			isa = XCBuildConfiguration;
			baseConfigurationReference = A069671F235F099E00B19C5E /* Tests-Base.xcconfig */;
			buildSettings = {
			};
			name = Development;
		};
		A0696713235EE6EB00B19C5E /* Staging */ = {
			isa = XCBuildConfiguration;
			baseConfigurationReference = A069671D235F099E00B19C5E /* Common-Staging.xcconfig */;
			buildSettings = {
			};
			name = Staging;
		};
		A0696714235EE6EB00B19C5E /* Staging */ = {
			isa = XCBuildConfiguration;
			baseConfigurationReference = A0696719235F099D00B19C5E /* App-Staging.xcconfig */;
			buildSettings = {
			};
			name = Staging;
		};
		A0696715235EE6EB00B19C5E /* Staging */ = {
			isa = XCBuildConfiguration;
			baseConfigurationReference = A069671F235F099E00B19C5E /* Tests-Base.xcconfig */;
			buildSettings = {
			};
			name = Staging;
		};
/* End XCBuildConfiguration section */

/* Begin XCConfigurationList section */
		A0BDE660235D9FB4006BBD03 /* Build configuration list for PBXProject "AR Localizer" */ = {
			isa = XCConfigurationList;
			buildConfigurations = (
				A0696710235EE6E800B19C5E /* Development */,
				A0696713235EE6EB00B19C5E /* Staging */,
			);
			defaultConfigurationIsVisible = 0;
			defaultConfigurationName = Development;
		};
		A0BDE684235D9FB5006BBD03 /* Build configuration list for PBXNativeTarget "AR Localizer" */ = {
			isa = XCConfigurationList;
			buildConfigurations = (
				A0696711235EE6E800B19C5E /* Development */,
				A0696714235EE6EB00B19C5E /* Staging */,
			);
			defaultConfigurationIsVisible = 0;
			defaultConfigurationName = Development;
		};
		A0BDE687235D9FB5006BBD03 /* Build configuration list for PBXNativeTarget "AR LocalizerTests" */ = {
			isa = XCConfigurationList;
			buildConfigurations = (
				A0696712235EE6E800B19C5E /* Development */,
				A0696715235EE6EB00B19C5E /* Staging */,
			);
			defaultConfigurationIsVisible = 0;
			defaultConfigurationName = Development;
		};
/* End XCConfigurationList section */
	};
	rootObject = A0BDE65D235D9FB4006BBD03 /* Project object */;
}
