// !$*UTF8*$!
{
	archiveVersion = 1;
	classes = {
	};
	objectVersion = 50;
	objects = {

/* Begin PBXBuildFile section */
		A0BDE669235D9FB4006BBD03 /* AppDelegate.swift in Sources */ = {isa = PBXBuildFile; fileRef = A0BDE668235D9FB4006BBD03 /* AppDelegate.swift */; };
		A0BDE672235D9FB5006BBD03 /* Assets.xcassets in Resources */ = {isa = PBXBuildFile; fileRef = A0BDE671235D9FB5006BBD03 /* Assets.xcassets */; };
		A0BDE675235D9FB5006BBD03 /* LaunchScreen.storyboard in Resources */ = {isa = PBXBuildFile; fileRef = A0BDE673235D9FB5006BBD03 /* LaunchScreen.storyboard */; };
/* End PBXBuildFile section */

/* Begin PBXContainerItemProxy section */
		A0BDE67C235D9FB5006BBD03 /* PBXContainerItemProxy */ = {
			isa = PBXContainerItemProxy;
			containerPortal = A0BDE65D235D9FB4006BBD03 /* Project object */;
			proxyType = 1;
			remoteGlobalIDString = A0BDE664235D9FB4006BBD03;
			remoteInfo = "AR Localizer View";
		};
/* End PBXContainerItemProxy section */

/* Begin PBXFileReference section */
		A0BDE665235D9FB4006BBD03 /* AR Localizer.app */ = {isa = PBXFileReference; explicitFileType = wrapper.application; includeInIndex = 0; path = "AR Localizer.app"; sourceTree = BUILT_PRODUCTS_DIR; };
		A0BDE668235D9FB4006BBD03 /* AppDelegate.swift */ = {isa = PBXFileReference; lastKnownFileType = sourcecode.swift; path = AppDelegate.swift; sourceTree = "<group>"; };
		A0BDE671235D9FB5006BBD03 /* Assets.xcassets */ = {isa = PBXFileReference; lastKnownFileType = folder.assetcatalog; path = Assets.xcassets; sourceTree = "<group>"; };
		A0BDE674235D9FB5006BBD03 /* Base */ = {isa = PBXFileReference; lastKnownFileType = file.storyboard; name = Base; path = Base.lproj/LaunchScreen.storyboard; sourceTree = "<group>"; };
		A0BDE676235D9FB5006BBD03 /* Info.plist */ = {isa = PBXFileReference; lastKnownFileType = text.plist.xml; path = Info.plist; sourceTree = "<group>"; };
		A0BDE67B235D9FB5006BBD03 /* AR LocalizerTests.xctest */ = {isa = PBXFileReference; explicitFileType = wrapper.cfbundle; includeInIndex = 0; path = "AR LocalizerTests.xctest"; sourceTree = BUILT_PRODUCTS_DIR; };
		A0BDE681235D9FB5006BBD03 /* Info.plist */ = {isa = PBXFileReference; lastKnownFileType = text.plist.xml; path = Info.plist; sourceTree = "<group>"; };
		A0BDE693235DB509006BBD03 /* Application.xcconfig */ = {isa = PBXFileReference; lastKnownFileType = text.xcconfig; path = Application.xcconfig; sourceTree = "<group>"; };
		A0BDE694235DB509006BBD03 /* Debug.xcconfig */ = {isa = PBXFileReference; lastKnownFileType = text.xcconfig; path = Debug.xcconfig; sourceTree = "<group>"; };
		A0BDE695235DB509006BBD03 /* Release.xcconfig */ = {isa = PBXFileReference; lastKnownFileType = text.xcconfig; path = Release.xcconfig; sourceTree = "<group>"; };
		A0BDE696235DB509006BBD03 /* Tests.xcconfig */ = {isa = PBXFileReference; lastKnownFileType = text.xcconfig; path = Tests.xcconfig; sourceTree = "<group>"; };
		A0BDE697235DB509006BBD03 /* Base.xcconfig */ = {isa = PBXFileReference; lastKnownFileType = text.xcconfig; path = Base.xcconfig; sourceTree = "<group>"; };
/* End PBXFileReference section */

/* Begin PBXFrameworksBuildPhase section */
		A0BDE662235D9FB4006BBD03 /* Frameworks */ = {
			isa = PBXFrameworksBuildPhase;
			buildActionMask = 2147483647;
			files = (
			);
			runOnlyForDeploymentPostprocessing = 0;
		};
		A0BDE678235D9FB5006BBD03 /* Frameworks */ = {
			isa = PBXFrameworksBuildPhase;
			buildActionMask = 2147483647;
			files = (
			);
			runOnlyForDeploymentPostprocessing = 0;
		};
/* End PBXFrameworksBuildPhase section */

/* Begin PBXGroup section */
		A0BDE65C235D9FB4006BBD03 = {
			isa = PBXGroup;
			children = (
				A0BDE667235D9FB4006BBD03 /* AR Localizer */,
				A0BDE68D235DAF9D006BBD03 /* Supporting Files */,
				A0BDE692235DB509006BBD03 /* Configuration */,
				A0BDE67E235D9FB5006BBD03 /* Unit Tests */,
				A0BDE666235D9FB4006BBD03 /* Products */,
			);
			sourceTree = "<group>";
		};
		A0BDE666235D9FB4006BBD03 /* Products */ = {
			isa = PBXGroup;
			children = (
				A0BDE665235D9FB4006BBD03 /* AR Localizer.app */,
				A0BDE67B235D9FB5006BBD03 /* AR LocalizerTests.xctest */,
			);
			name = Products;
			sourceTree = "<group>";
		};
		A0BDE667235D9FB4006BBD03 /* AR Localizer */ = {
			isa = PBXGroup;
			children = (
				A0BDE68A235DAF75006BBD03 /* Source Files */,
				A0BDE68B235DAF7E006BBD03 /* Resources */,
				A0BDE68C235DAF86006BBD03 /* Interface */,
			);
			path = "AR Localizer";
			sourceTree = "<group>";
		};
		A0BDE67E235D9FB5006BBD03 /* Unit Tests */ = {
			isa = PBXGroup;
			children = (
				A0BDE681235D9FB5006BBD03 /* Info.plist */,
			);
			path = "Unit Tests";
			sourceTree = "<group>";
		};
		A0BDE68A235DAF75006BBD03 /* Source Files */ = {
			isa = PBXGroup;
			children = (
				A0BDE668235D9FB4006BBD03 /* AppDelegate.swift */,
			);
			path = "Source Files";
			sourceTree = "<group>";
		};
		A0BDE68B235DAF7E006BBD03 /* Resources */ = {
			isa = PBXGroup;
			children = (
				A0BDE671235D9FB5006BBD03 /* Assets.xcassets */,
			);
			path = Resources;
			sourceTree = "<group>";
		};
		A0BDE68C235DAF86006BBD03 /* Interface */ = {
			isa = PBXGroup;
			children = (
				A0BDE673235D9FB5006BBD03 /* LaunchScreen.storyboard */,
			);
			path = Interface;
			sourceTree = "<group>";
		};
		A0BDE68D235DAF9D006BBD03 /* Supporting Files */ = {
			isa = PBXGroup;
			children = (
				A0BDE676235D9FB5006BBD03 /* Info.plist */,
			);
			path = "Supporting Files";
			sourceTree = "<group>";
		};
		A0BDE692235DB509006BBD03 /* Configuration */ = {
			isa = PBXGroup;
			children = (
				A0BDE693235DB509006BBD03 /* Application.xcconfig */,
				A0BDE694235DB509006BBD03 /* Debug.xcconfig */,
				A0BDE695235DB509006BBD03 /* Release.xcconfig */,
				A0BDE696235DB509006BBD03 /* Tests.xcconfig */,
				A0BDE697235DB509006BBD03 /* Base.xcconfig */,
			);
			path = Configuration;
			sourceTree = "<group>";
		};
/* End PBXGroup section */

/* Begin PBXNativeTarget section */
		A0BDE664235D9FB4006BBD03 /* AR Localizer */ = {
			isa = PBXNativeTarget;
			buildConfigurationList = A0BDE684235D9FB5006BBD03 /* Build configuration list for PBXNativeTarget "AR Localizer" */;
			buildPhases = (
				A0BDE661235D9FB4006BBD03 /* Sources */,
				A0BDE662235D9FB4006BBD03 /* Frameworks */,
				A0BDE663235D9FB4006BBD03 /* Resources */,
			);
			buildRules = (
			);
			dependencies = (
			);
			name = "AR Localizer";
			productName = "AR Localizer View";
			productReference = A0BDE665235D9FB4006BBD03 /* AR Localizer.app */;
			productType = "com.apple.product-type.application";
		};
		A0BDE67A235D9FB5006BBD03 /* AR LocalizerTests */ = {
			isa = PBXNativeTarget;
			buildConfigurationList = A0BDE687235D9FB5006BBD03 /* Build configuration list for PBXNativeTarget "AR LocalizerTests" */;
			buildPhases = (
				A0BDE677235D9FB5006BBD03 /* Sources */,
				A0BDE678235D9FB5006BBD03 /* Frameworks */,
				A0BDE679235D9FB5006BBD03 /* Resources */,
			);
			buildRules = (
			);
			dependencies = (
				A0BDE67D235D9FB5006BBD03 /* PBXTargetDependency */,
			);
			name = "AR LocalizerTests";
			productName = "AR Localizer ViewTests";
			productReference = A0BDE67B235D9FB5006BBD03 /* AR LocalizerTests.xctest */;
			productType = "com.apple.product-type.bundle.unit-test";
		};
/* End PBXNativeTarget section */

/* Begin PBXProject section */
		A0BDE65D235D9FB4006BBD03 /* Project object */ = {
			isa = PBXProject;
			attributes = {
				LastSwiftUpdateCheck = 1110;
				LastUpgradeCheck = 1110;
				TargetAttributes = {
					A0BDE664235D9FB4006BBD03 = {
						CreatedOnToolsVersion = 11.1;
					};
					A0BDE67A235D9FB5006BBD03 = {
						CreatedOnToolsVersion = 11.1;
						TestTargetID = A0BDE664235D9FB4006BBD03;
					};
				};
			};
			buildConfigurationList = A0BDE660235D9FB4006BBD03 /* Build configuration list for PBXProject "AR Localizer" */;
			compatibilityVersion = "Xcode 9.3";
			developmentRegion = en;
			hasScannedForEncodings = 0;
			knownRegions = (
				en,
				Base,
			);
			mainGroup = A0BDE65C235D9FB4006BBD03;
			productRefGroup = A0BDE666235D9FB4006BBD03 /* Products */;
			projectDirPath = "";
			projectRoot = "";
			targets = (
				A0BDE664235D9FB4006BBD03 /* AR Localizer */,
				A0BDE67A235D9FB5006BBD03 /* AR LocalizerTests */,
			);
		};
/* End PBXProject section */

/* Begin PBXResourcesBuildPhase section */
		A0BDE663235D9FB4006BBD03 /* Resources */ = {
			isa = PBXResourcesBuildPhase;
			buildActionMask = 2147483647;
			files = (
				A0BDE675235D9FB5006BBD03 /* LaunchScreen.storyboard in Resources */,
				A0BDE672235D9FB5006BBD03 /* Assets.xcassets in Resources */,
			);
			runOnlyForDeploymentPostprocessing = 0;
		};
		A0BDE679235D9FB5006BBD03 /* Resources */ = {
			isa = PBXResourcesBuildPhase;
			buildActionMask = 2147483647;
			files = (
			);
			runOnlyForDeploymentPostprocessing = 0;
		};
/* End PBXResourcesBuildPhase section */

/* Begin PBXSourcesBuildPhase section */
		A0BDE661235D9FB4006BBD03 /* Sources */ = {
			isa = PBXSourcesBuildPhase;
			buildActionMask = 2147483647;
			files = (
				A0BDE669235D9FB4006BBD03 /* AppDelegate.swift in Sources */,
			);
			runOnlyForDeploymentPostprocessing = 0;
		};
		A0BDE677235D9FB5006BBD03 /* Sources */ = {
			isa = PBXSourcesBuildPhase;
			buildActionMask = 2147483647;
			files = (
			);
			runOnlyForDeploymentPostprocessing = 0;
		};
/* End PBXSourcesBuildPhase section */

/* Begin PBXTargetDependency section */
		A0BDE67D235D9FB5006BBD03 /* PBXTargetDependency */ = {
			isa = PBXTargetDependency;
			target = A0BDE664235D9FB4006BBD03 /* AR Localizer */;
			targetProxy = A0BDE67C235D9FB5006BBD03 /* PBXContainerItemProxy */;
		};
/* End PBXTargetDependency section */

/* Begin PBXVariantGroup section */
		A0BDE673235D9FB5006BBD03 /* LaunchScreen.storyboard */ = {
			isa = PBXVariantGroup;
			children = (
				A0BDE674235D9FB5006BBD03 /* Base */,
			);
			name = LaunchScreen.storyboard;
			sourceTree = "<group>";
		};
/* End PBXVariantGroup section */

/* Begin XCBuildConfiguration section */
		A0BDE682235D9FB5006BBD03 /* Debug */ = {
			isa = XCBuildConfiguration;
			baseConfigurationReference = A0BDE694235DB509006BBD03 /* Debug.xcconfig */;
			buildSettings = {
			};
			name = Debug;
		};
		A0BDE683235D9FB5006BBD03 /* Release */ = {
			isa = XCBuildConfiguration;
			baseConfigurationReference = A0BDE695235DB509006BBD03 /* Release.xcconfig */;
			buildSettings = {
			};
			name = Release;
		};
		A0BDE685235D9FB5006BBD03 /* Debug */ = {
			isa = XCBuildConfiguration;
			baseConfigurationReference = A0BDE693235DB509006BBD03 /* Application.xcconfig */;
			buildSettings = {
			};
			name = Debug;
		};
		A0BDE686235D9FB5006BBD03 /* Release */ = {
			isa = XCBuildConfiguration;
			baseConfigurationReference = A0BDE693235DB509006BBD03 /* Application.xcconfig */;
			buildSettings = {
			};
			name = Release;
		};
		A0BDE688235D9FB5006BBD03 /* Debug */ = {
			isa = XCBuildConfiguration;
			baseConfigurationReference = A0BDE696235DB509006BBD03 /* Tests.xcconfig */;
			buildSettings = {
			};
			name = Debug;
		};
		A0BDE689235D9FB5006BBD03 /* Release */ = {
			isa = XCBuildConfiguration;
			baseConfigurationReference = A0BDE696235DB509006BBD03 /* Tests.xcconfig */;
			buildSettings = {
			};
			name = Release;
		};
/* End XCBuildConfiguration section */

/* Begin XCConfigurationList section */
		A0BDE660235D9FB4006BBD03 /* Build configuration list for PBXProject "AR Localizer" */ = {
			isa = XCConfigurationList;
			buildConfigurations = (
				A0BDE682235D9FB5006BBD03 /* Debug */,
				A0BDE683235D9FB5006BBD03 /* Release */,
			);
			defaultConfigurationIsVisible = 0;
			defaultConfigurationName = Release;
		};
		A0BDE684235D9FB5006BBD03 /* Build configuration list for PBXNativeTarget "AR Localizer" */ = {
			isa = XCConfigurationList;
			buildConfigurations = (
				A0BDE685235D9FB5006BBD03 /* Debug */,
				A0BDE686235D9FB5006BBD03 /* Release */,
			);
			defaultConfigurationIsVisible = 0;
			defaultConfigurationName = Release;
		};
		A0BDE687235D9FB5006BBD03 /* Build configuration list for PBXNativeTarget "AR LocalizerTests" */ = {
			isa = XCConfigurationList;
			buildConfigurations = (
				A0BDE688235D9FB5006BBD03 /* Debug */,
				A0BDE689235D9FB5006BBD03 /* Release */,
			);
			defaultConfigurationIsVisible = 0;
			defaultConfigurationName = Release;
		};
/* End XCConfigurationList section */
	};
	rootObject = A0BDE65D235D9FB4006BBD03 /* Project object */;
}
