// !$*UTF8*$!
{
	archiveVersion = 1;
	classes = {
	};
	objectVersion = 50;
	objects = {

/* Begin PBXBuildFile section */
		A025FF3A2385B5D0002B93A5 /* POITests.swift in Sources */ = {isa = PBXBuildFile; fileRef = A025FF392385B5D0002B93A5 /* POITests.swift */; };
		A02B198623719E8A008EAE20 /* Angle.swift in Sources */ = {isa = PBXBuildFile; fileRef = A02B198523719E8A008EAE20 /* Angle.swift */; };
		A033A5A82382D6590096E1EE /* ATMLabelView.swift in Sources */ = {isa = PBXBuildFile; fileRef = A033A5A72382D6590096E1EE /* ATMLabelView.swift */; };
		A0440E572387FC5B0047440C /* URLSessionProtocol.swift in Sources */ = {isa = PBXBuildFile; fileRef = A0440E562387FC5B0047440C /* URLSessionProtocol.swift */; };
		A0440E5A238803040047440C /* MockSession.swift in Sources */ = {isa = PBXBuildFile; fileRef = A0440E59238803040047440C /* MockSession.swift */; };
		A0440E5C238803A80047440C /* MockError.swift in Sources */ = {isa = PBXBuildFile; fileRef = A0440E5B238803A80047440C /* MockError.swift */; };
		A0440E5F238829B90047440C /* OverpassATMProviderTests.swift in Sources */ = {isa = PBXBuildFile; fileRef = A0440E5E238829B90047440C /* OverpassATMProviderTests.swift */; };
		A0440E63238831B70047440C /* OverpassSample.xml in Resources */ = {isa = PBXBuildFile; fileRef = A0440E602388306F0047440C /* OverpassSample.xml */; };
		A0590ECC2375808C00881046 /* POILabelView.swift in Sources */ = {isa = PBXBuildFile; fileRef = A0590ECA2375808C00881046 /* POILabelView.swift */; };
		A0590ECD2375808C00881046 /* SimplePOILabelView.swift in Sources */ = {isa = PBXBuildFile; fileRef = A0590ECB2375808C00881046 /* SimplePOILabelView.swift */; };
		A0590ECF2375896F00881046 /* CGRect+Diagonal.swift in Sources */ = {isa = PBXBuildFile; fileRef = A0590ECE2375896F00881046 /* CGRect+Diagonal.swift */; };
		A066984C23701F7700441CF1 /* POILabelProperties.swift in Sources */ = {isa = PBXBuildFile; fileRef = A066984A23701ED800441CF1 /* POILabelProperties.swift */; };
		A0669856237034EE00441CF1 /* POI.swift in Sources */ = {isa = PBXBuildFile; fileRef = A0669854237034CB00441CF1 /* POI.swift */; };
		A066985A23703EF200441CF1 /* UIView+Layout.swift in Sources */ = {isa = PBXBuildFile; fileRef = A066985823703EF000441CF1 /* UIView+Layout.swift */; };
		A0789DBA23745E5B00CD8C74 /* AngleConverter.swift in Sources */ = {isa = PBXBuildFile; fileRef = A0789DB723745D5D00CD8C74 /* AngleConverter.swift */; };
		A081A2FD2386B16400FDE33B /* ARViewControllerTests.swift in Sources */ = {isa = PBXBuildFile; fileRef = A081A2FC2386B16400FDE33B /* ARViewControllerTests.swift */; };
		A081A30123870AAC00FDE33B /* ARViewTests.swift in Sources */ = {isa = PBXBuildFile; fileRef = A081A30023870AAC00FDE33B /* ARViewTests.swift */; };
		A081A3032387177800FDE33B /* SimplePOILabelViewTests.swift in Sources */ = {isa = PBXBuildFile; fileRef = A081A3022387177800FDE33B /* SimplePOILabelViewTests.swift */; };
		A081A30623871A3100FDE33B /* CameraPreviewTests.swift in Sources */ = {isa = PBXBuildFile; fileRef = A081A30523871A3100FDE33B /* CameraPreviewTests.swift */; };
		A08BADD2238BBA3C003914C8 /* MapScreenViewTests.swift in Sources */ = {isa = PBXBuildFile; fileRef = A08BADD1238BBA3C003914C8 /* MapScreenViewTests.swift */; };
		A08BADD5238BBC36003914C8 /* ARScreenViewTests.swift in Sources */ = {isa = PBXBuildFile; fileRef = A08BADD4238BBC36003914C8 /* ARScreenViewTests.swift */; };
		A09047FD236973FD0027EA41 /* ARLocalizerView.framework in Frameworks */ = {isa = PBXBuildFile; fileRef = A09047F4236973FD0027EA41 /* ARLocalizerView.framework */; };
		A0904802236973FD0027EA41 /* AngleConverterTests.swift in Sources */ = {isa = PBXBuildFile; fileRef = A0904801236973FD0027EA41 /* AngleConverterTests.swift */; };
		A0904831236977D40027EA41 /* CameraPreview.swift in Sources */ = {isa = PBXBuildFile; fileRef = A09047CB23675C9E0027EA41 /* CameraPreview.swift */; };
		A0904832236977DB0027EA41 /* ARViewController.swift in Sources */ = {isa = PBXBuildFile; fileRef = A09047C923675C860027EA41 /* ARViewController.swift */; };
		A0904833236977DB0027EA41 /* ARView.swift in Sources */ = {isa = PBXBuildFile; fileRef = A09047C523675C520027EA41 /* ARView.swift */; };
		A0904834236977E10027EA41 /* ARViewModel.swift in Sources */ = {isa = PBXBuildFile; fileRef = A09047C723675C6B0027EA41 /* ARViewModel.swift */; };
		A0904835236977E10027EA41 /* ARViewModelProtocol.swift in Sources */ = {isa = PBXBuildFile; fileRef = A09047D1236892220027EA41 /* ARViewModelProtocol.swift */; };
		A0904853236991A70027EA41 /* ARLocalizerView.framework in Frameworks */ = {isa = PBXBuildFile; fileRef = A09047F4236973FD0027EA41 /* ARLocalizerView.framework */; };
		A0904854236991A70027EA41 /* ARLocalizerView.framework in Embed Frameworks */ = {isa = PBXBuildFile; fileRef = A09047F4236973FD0027EA41 /* ARLocalizerView.framework */; settings = {ATTRIBUTES = (CodeSignOnCopy, RemoveHeadersOnCopy, ); }; };
		A0A54A1623840FD900F227F9 /* ARViewModelTests.swift in Sources */ = {isa = PBXBuildFile; fileRef = A0A54A1523840FD900F227F9 /* ARViewModelTests.swift */; };
		A0A54A19238413E300F227F9 /* FilePOIProviderTests.swift in Sources */ = {isa = PBXBuildFile; fileRef = A0A54A18238413E300F227F9 /* FilePOIProviderTests.swift */; };
		A0A54A1C2384146F00F227F9 /* ExtensionsTests.swift in Sources */ = {isa = PBXBuildFile; fileRef = A0A54A1B2384146F00F227F9 /* ExtensionsTests.swift */; };
		A0BDE672235D9FB5006BBD03 /* Assets.xcassets in Resources */ = {isa = PBXBuildFile; fileRef = A0BDE671235D9FB5006BBD03 /* Assets.xcassets */; };
		A0BDE675235D9FB5006BBD03 /* LaunchScreen.storyboard in Resources */ = {isa = PBXBuildFile; fileRef = A0BDE673235D9FB5006BBD03 /* LaunchScreen.storyboard */; };
		A0DD983A2387E9E20061CFF5 /* CoordinatorTests.swift in Sources */ = {isa = PBXBuildFile; fileRef = A0DD98392387E9E20061CFF5 /* CoordinatorTests.swift */; };
		A0DD983C2387EE310061CFF5 /* NetworkErrorTests.swift in Sources */ = {isa = PBXBuildFile; fileRef = A0DD983B2387EE310061CFF5 /* NetworkErrorTests.swift */; };
		A0DD983F2387F2AB0061CFF5 /* OverpassATMNetworkClientTests.swift in Sources */ = {isa = PBXBuildFile; fileRef = A0DD983E2387F2AB0061CFF5 /* OverpassATMNetworkClientTests.swift */; };
		A0EFA6B4237E97E40070A5F7 /* OverpassATMProvider.swift in Sources */ = {isa = PBXBuildFile; fileRef = A0EFA6A1237E97E30070A5F7 /* OverpassATMProvider.swift */; };
		A0EFA6B5237E97E40070A5F7 /* POIExtractor.swift in Sources */ = {isa = PBXBuildFile; fileRef = A0EFA6A2237E97E30070A5F7 /* POIExtractor.swift */; };
		A0EFA6B7237E97E40070A5F7 /* Coordinator.swift in Sources */ = {isa = PBXBuildFile; fileRef = A0EFA6A5237E97E30070A5F7 /* Coordinator.swift */; };
		A0EFA6B9237E97E40070A5F7 /* AppDelegate.swift in Sources */ = {isa = PBXBuildFile; fileRef = A0EFA6A8237E97E30070A5F7 /* AppDelegate.swift */; };
		A0EFA6BA237E97E40070A5F7 /* Factory.swift in Sources */ = {isa = PBXBuildFile; fileRef = A0EFA6A9237E97E30070A5F7 /* Factory.swift */; };
		A0EFA6BB237E97E40070A5F7 /* NetworkClient.swift in Sources */ = {isa = PBXBuildFile; fileRef = A0EFA6AB237E97E30070A5F7 /* NetworkClient.swift */; };
		A0EFA6BC237E97E40070A5F7 /* OverpassATMNetworkClient.swift in Sources */ = {isa = PBXBuildFile; fileRef = A0EFA6AC237E97E30070A5F7 /* OverpassATMNetworkClient.swift */; };
		A0EFA6BD237E97E40070A5F7 /* MapScreenView.swift in Sources */ = {isa = PBXBuildFile; fileRef = A0EFA6AF237E97E40070A5F7 /* MapScreenView.swift */; };
		A0EFA6BE237E97E40070A5F7 /* MapScreenViewController.swift in Sources */ = {isa = PBXBuildFile; fileRef = A0EFA6B0237E97E40070A5F7 /* MapScreenViewController.swift */; };
		A0EFA6BF237E97E40070A5F7 /* ARScreenView.swift in Sources */ = {isa = PBXBuildFile; fileRef = A0EFA6B2237E97E40070A5F7 /* ARScreenView.swift */; };
		A0EFA6C0237E97E40070A5F7 /* ARScreenViewController.swift in Sources */ = {isa = PBXBuildFile; fileRef = A0EFA6B3237E97E40070A5F7 /* ARScreenViewController.swift */; };
		A0EFA6C2237EB7100070A5F7 /* NetworkError.swift in Sources */ = {isa = PBXBuildFile; fileRef = A0EFA6C1237EB7100070A5F7 /* NetworkError.swift */; };
		A0EFA6C9237EEEC20070A5F7 /* OverpassATMExtractor.swift in Sources */ = {isa = PBXBuildFile; fileRef = A0EFA6C8237EEEC20070A5F7 /* OverpassATMExtractor.swift */; };
		A0FE8E74236B008400516B87 /* NetguruOffices.json in Resources */ = {isa = PBXBuildFile; fileRef = A0FE8E73236B008400516B87 /* NetguruOffices.json */; };
		A0FE8E7A236B04D600516B87 /* FilePOIProvider.swift in Sources */ = {isa = PBXBuildFile; fileRef = A0FE8E77236B00A500516B87 /* FilePOIProvider.swift */; };
		A0FE8E7B236B04D600516B87 /* POIProvider.swift in Sources */ = {isa = PBXBuildFile; fileRef = A0FE8E76236B00A500516B87 /* POIProvider.swift */; };
/* End PBXBuildFile section */

/* Begin PBXContainerItemProxy section */
		A09047FE236973FD0027EA41 /* PBXContainerItemProxy */ = {
			isa = PBXContainerItemProxy;
			containerPortal = A0BDE65D235D9FB4006BBD03 /* Project object */;
			proxyType = 1;
			remoteGlobalIDString = A09047F3236973FD0027EA41;
			remoteInfo = "AR Localizer View";
		};
		A0904851236990650027EA41 /* PBXContainerItemProxy */ = {
			isa = PBXContainerItemProxy;
			containerPortal = A0BDE65D235D9FB4006BBD03 /* Project object */;
			proxyType = 1;
			remoteGlobalIDString = A0BDE664235D9FB4006BBD03;
			remoteInfo = Sample;
		};
		A0904855236991A70027EA41 /* PBXContainerItemProxy */ = {
			isa = PBXContainerItemProxy;
			containerPortal = A0BDE65D235D9FB4006BBD03 /* Project object */;
			proxyType = 1;
			remoteGlobalIDString = A09047F3236973FD0027EA41;
			remoteInfo = Framework;
		};
/* End PBXContainerItemProxy section */

/* Begin PBXCopyFilesBuildPhase section */
		A0904857236991A70027EA41 /* Embed Frameworks */ = {
			isa = PBXCopyFilesBuildPhase;
			buildActionMask = 2147483647;
			dstPath = "";
			dstSubfolderSpec = 10;
			files = (
				A0904854236991A70027EA41 /* ARLocalizerView.framework in Embed Frameworks */,
			);
			name = "Embed Frameworks";
			runOnlyForDeploymentPostprocessing = 0;
		};
/* End PBXCopyFilesBuildPhase section */

/* Begin PBXFileReference section */
		A025FF392385B5D0002B93A5 /* POITests.swift */ = {isa = PBXFileReference; lastKnownFileType = sourcecode.swift; path = POITests.swift; sourceTree = "<group>"; };
		A02B198523719E8A008EAE20 /* Angle.swift */ = {isa = PBXFileReference; lastKnownFileType = sourcecode.swift; path = Angle.swift; sourceTree = "<group>"; };
		A033A5A72382D6590096E1EE /* ATMLabelView.swift */ = {isa = PBXFileReference; fileEncoding = 4; lastKnownFileType = sourcecode.swift; path = ATMLabelView.swift; sourceTree = "<group>"; };
		A0440E562387FC5B0047440C /* URLSessionProtocol.swift */ = {isa = PBXFileReference; lastKnownFileType = sourcecode.swift; path = URLSessionProtocol.swift; sourceTree = "<group>"; };
		A0440E59238803040047440C /* MockSession.swift */ = {isa = PBXFileReference; lastKnownFileType = sourcecode.swift; path = MockSession.swift; sourceTree = "<group>"; };
		A0440E5B238803A80047440C /* MockError.swift */ = {isa = PBXFileReference; lastKnownFileType = sourcecode.swift; path = MockError.swift; sourceTree = "<group>"; };
		A0440E5E238829B90047440C /* OverpassATMProviderTests.swift */ = {isa = PBXFileReference; lastKnownFileType = sourcecode.swift; path = OverpassATMProviderTests.swift; sourceTree = "<group>"; };
		A0440E602388306F0047440C /* OverpassSample.xml */ = {isa = PBXFileReference; fileEncoding = 4; lastKnownFileType = text.xml; path = OverpassSample.xml; sourceTree = "<group>"; };
		A0590ECA2375808C00881046 /* POILabelView.swift */ = {isa = PBXFileReference; fileEncoding = 4; lastKnownFileType = sourcecode.swift; path = POILabelView.swift; sourceTree = "<group>"; };
		A0590ECB2375808C00881046 /* SimplePOILabelView.swift */ = {isa = PBXFileReference; fileEncoding = 4; lastKnownFileType = sourcecode.swift; path = SimplePOILabelView.swift; sourceTree = "<group>"; };
		A0590ECE2375896F00881046 /* CGRect+Diagonal.swift */ = {isa = PBXFileReference; fileEncoding = 4; lastKnownFileType = sourcecode.swift; path = "CGRect+Diagonal.swift"; sourceTree = "<group>"; };
		A066984A23701ED800441CF1 /* POILabelProperties.swift */ = {isa = PBXFileReference; lastKnownFileType = sourcecode.swift; path = POILabelProperties.swift; sourceTree = "<group>"; };
		A0669854237034CB00441CF1 /* POI.swift */ = {isa = PBXFileReference; lastKnownFileType = sourcecode.swift; path = POI.swift; sourceTree = "<group>"; };
		A066985823703EF000441CF1 /* UIView+Layout.swift */ = {isa = PBXFileReference; lastKnownFileType = sourcecode.swift; path = "UIView+Layout.swift"; sourceTree = "<group>"; };
		A0789DB723745D5D00CD8C74 /* AngleConverter.swift */ = {isa = PBXFileReference; lastKnownFileType = sourcecode.swift; path = AngleConverter.swift; sourceTree = "<group>"; };
		A081A2FC2386B16400FDE33B /* ARViewControllerTests.swift */ = {isa = PBXFileReference; lastKnownFileType = sourcecode.swift; path = ARViewControllerTests.swift; sourceTree = "<group>"; };
		A081A30023870AAC00FDE33B /* ARViewTests.swift */ = {isa = PBXFileReference; lastKnownFileType = sourcecode.swift; path = ARViewTests.swift; sourceTree = "<group>"; };
		A081A3022387177800FDE33B /* SimplePOILabelViewTests.swift */ = {isa = PBXFileReference; lastKnownFileType = sourcecode.swift; path = SimplePOILabelViewTests.swift; sourceTree = "<group>"; };
		A081A30523871A3100FDE33B /* CameraPreviewTests.swift */ = {isa = PBXFileReference; lastKnownFileType = sourcecode.swift; path = CameraPreviewTests.swift; sourceTree = "<group>"; };
		A08BADD1238BBA3C003914C8 /* MapScreenViewTests.swift */ = {isa = PBXFileReference; lastKnownFileType = sourcecode.swift; path = MapScreenViewTests.swift; sourceTree = "<group>"; };
		A08BADD4238BBC36003914C8 /* ARScreenViewTests.swift */ = {isa = PBXFileReference; lastKnownFileType = sourcecode.swift; path = ARScreenViewTests.swift; sourceTree = "<group>"; };
		A09047C523675C520027EA41 /* ARView.swift */ = {isa = PBXFileReference; fileEncoding = 4; lastKnownFileType = sourcecode.swift; path = ARView.swift; sourceTree = "<group>"; };
		A09047C723675C6B0027EA41 /* ARViewModel.swift */ = {isa = PBXFileReference; fileEncoding = 4; lastKnownFileType = sourcecode.swift; path = ARViewModel.swift; sourceTree = "<group>"; };
		A09047C923675C860027EA41 /* ARViewController.swift */ = {isa = PBXFileReference; fileEncoding = 4; lastKnownFileType = sourcecode.swift; path = ARViewController.swift; sourceTree = "<group>"; };
		A09047CB23675C9E0027EA41 /* CameraPreview.swift */ = {isa = PBXFileReference; fileEncoding = 4; lastKnownFileType = sourcecode.swift; path = CameraPreview.swift; sourceTree = "<group>"; };
		A09047D1236892220027EA41 /* ARViewModelProtocol.swift */ = {isa = PBXFileReference; lastKnownFileType = sourcecode.swift; path = ARViewModelProtocol.swift; sourceTree = "<group>"; };
		A09047F4236973FD0027EA41 /* ARLocalizerView.framework */ = {isa = PBXFileReference; explicitFileType = wrapper.framework; includeInIndex = 0; path = ARLocalizerView.framework; sourceTree = BUILT_PRODUCTS_DIR; };
		A09047F7236973FD0027EA41 /* Info.plist */ = {isa = PBXFileReference; lastKnownFileType = text.plist.xml; path = Info.plist; sourceTree = "<group>"; };
		A09047FC236973FD0027EA41 /* ARLocalizerViewTests.xctest */ = {isa = PBXFileReference; explicitFileType = wrapper.cfbundle; includeInIndex = 0; path = ARLocalizerViewTests.xctest; sourceTree = BUILT_PRODUCTS_DIR; };
		A0904801236973FD0027EA41 /* AngleConverterTests.swift */ = {isa = PBXFileReference; lastKnownFileType = sourcecode.swift; path = AngleConverterTests.swift; sourceTree = "<group>"; };
		A0904803236973FD0027EA41 /* Info.plist */ = {isa = PBXFileReference; lastKnownFileType = text.plist.xml; path = Info.plist; sourceTree = "<group>"; };
		A09048202369758C0027EA41 /* App-Development.xcconfig */ = {isa = PBXFileReference; lastKnownFileType = text.xcconfig; path = "App-Development.xcconfig"; sourceTree = "<group>"; };
		A09048212369758C0027EA41 /* App-Base.xcconfig */ = {isa = PBXFileReference; lastKnownFileType = text.xcconfig; path = "App-Base.xcconfig"; sourceTree = "<group>"; };
		A09048222369758C0027EA41 /* App-Staging.xcconfig */ = {isa = PBXFileReference; lastKnownFileType = text.xcconfig; path = "App-Staging.xcconfig"; sourceTree = "<group>"; };
		A09048242369758C0027EA41 /* Framework-Base.xcconfig */ = {isa = PBXFileReference; lastKnownFileType = text.xcconfig; path = "Framework-Base.xcconfig"; sourceTree = "<group>"; };
		A090482A2369758C0027EA41 /* Common-Base.xcconfig */ = {isa = PBXFileReference; lastKnownFileType = text.xcconfig; path = "Common-Base.xcconfig"; sourceTree = "<group>"; };
		A090482B2369758C0027EA41 /* Common-Development.xcconfig */ = {isa = PBXFileReference; lastKnownFileType = text.xcconfig; path = "Common-Development.xcconfig"; sourceTree = "<group>"; };
		A090482C2369758C0027EA41 /* Common-Staging.xcconfig */ = {isa = PBXFileReference; lastKnownFileType = text.xcconfig; path = "Common-Staging.xcconfig"; sourceTree = "<group>"; };
		A090485023698C290027EA41 /* Tests-Base.xcconfig */ = {isa = PBXFileReference; lastKnownFileType = text.xcconfig; path = "Tests-Base.xcconfig"; sourceTree = "<group>"; };
		A0A54A1523840FD900F227F9 /* ARViewModelTests.swift */ = {isa = PBXFileReference; lastKnownFileType = sourcecode.swift; path = ARViewModelTests.swift; sourceTree = "<group>"; };
		A0A54A18238413E300F227F9 /* FilePOIProviderTests.swift */ = {isa = PBXFileReference; lastKnownFileType = sourcecode.swift; path = FilePOIProviderTests.swift; sourceTree = "<group>"; };
		A0A54A1B2384146F00F227F9 /* ExtensionsTests.swift */ = {isa = PBXFileReference; lastKnownFileType = sourcecode.swift; path = ExtensionsTests.swift; sourceTree = "<group>"; };
		A0BDE665235D9FB4006BBD03 /* ARLocalizerViewSample.app */ = {isa = PBXFileReference; explicitFileType = wrapper.application; includeInIndex = 0; path = ARLocalizerViewSample.app; sourceTree = BUILT_PRODUCTS_DIR; };
		A0BDE671235D9FB5006BBD03 /* Assets.xcassets */ = {isa = PBXFileReference; lastKnownFileType = folder.assetcatalog; path = Assets.xcassets; sourceTree = "<group>"; };
		A0BDE674235D9FB5006BBD03 /* Base */ = {isa = PBXFileReference; lastKnownFileType = file.storyboard; name = Base; path = Base.lproj/LaunchScreen.storyboard; sourceTree = "<group>"; };
		A0BDE676235D9FB5006BBD03 /* Info.plist */ = {isa = PBXFileReference; lastKnownFileType = text.plist.xml; path = Info.plist; sourceTree = "<group>"; };
		A0DD98392387E9E20061CFF5 /* CoordinatorTests.swift */ = {isa = PBXFileReference; lastKnownFileType = sourcecode.swift; path = CoordinatorTests.swift; sourceTree = "<group>"; };
		A0DD983B2387EE310061CFF5 /* NetworkErrorTests.swift */ = {isa = PBXFileReference; lastKnownFileType = sourcecode.swift; path = NetworkErrorTests.swift; sourceTree = "<group>"; };
		A0DD983E2387F2AB0061CFF5 /* OverpassATMNetworkClientTests.swift */ = {isa = PBXFileReference; lastKnownFileType = sourcecode.swift; path = OverpassATMNetworkClientTests.swift; sourceTree = "<group>"; };
		A0EFA6A1237E97E30070A5F7 /* OverpassATMProvider.swift */ = {isa = PBXFileReference; fileEncoding = 4; lastKnownFileType = sourcecode.swift; path = OverpassATMProvider.swift; sourceTree = "<group>"; };
		A0EFA6A2237E97E30070A5F7 /* POIExtractor.swift */ = {isa = PBXFileReference; fileEncoding = 4; lastKnownFileType = sourcecode.swift; path = POIExtractor.swift; sourceTree = "<group>"; };
		A0EFA6A5237E97E30070A5F7 /* Coordinator.swift */ = {isa = PBXFileReference; fileEncoding = 4; lastKnownFileType = sourcecode.swift; path = Coordinator.swift; sourceTree = "<group>"; };
		A0EFA6A8237E97E30070A5F7 /* AppDelegate.swift */ = {isa = PBXFileReference; fileEncoding = 4; lastKnownFileType = sourcecode.swift; path = AppDelegate.swift; sourceTree = "<group>"; };
		A0EFA6A9237E97E30070A5F7 /* Factory.swift */ = {isa = PBXFileReference; fileEncoding = 4; lastKnownFileType = sourcecode.swift; path = Factory.swift; sourceTree = "<group>"; };
		A0EFA6AB237E97E30070A5F7 /* NetworkClient.swift */ = {isa = PBXFileReference; fileEncoding = 4; lastKnownFileType = sourcecode.swift; path = NetworkClient.swift; sourceTree = "<group>"; };
		A0EFA6AC237E97E30070A5F7 /* OverpassATMNetworkClient.swift */ = {isa = PBXFileReference; fileEncoding = 4; lastKnownFileType = sourcecode.swift; path = OverpassATMNetworkClient.swift; sourceTree = "<group>"; };
		A0EFA6AF237E97E40070A5F7 /* MapScreenView.swift */ = {isa = PBXFileReference; fileEncoding = 4; lastKnownFileType = sourcecode.swift; path = MapScreenView.swift; sourceTree = "<group>"; };
		A0EFA6B0237E97E40070A5F7 /* MapScreenViewController.swift */ = {isa = PBXFileReference; fileEncoding = 4; lastKnownFileType = sourcecode.swift; path = MapScreenViewController.swift; sourceTree = "<group>"; };
		A0EFA6B2237E97E40070A5F7 /* ARScreenView.swift */ = {isa = PBXFileReference; fileEncoding = 4; lastKnownFileType = sourcecode.swift; path = ARScreenView.swift; sourceTree = "<group>"; };
		A0EFA6B3237E97E40070A5F7 /* ARScreenViewController.swift */ = {isa = PBXFileReference; fileEncoding = 4; lastKnownFileType = sourcecode.swift; path = ARScreenViewController.swift; sourceTree = "<group>"; };
		A0EFA6C1237EB7100070A5F7 /* NetworkError.swift */ = {isa = PBXFileReference; lastKnownFileType = sourcecode.swift; path = NetworkError.swift; sourceTree = "<group>"; };
		A0EFA6C8237EEEC20070A5F7 /* OverpassATMExtractor.swift */ = {isa = PBXFileReference; lastKnownFileType = sourcecode.swift; path = OverpassATMExtractor.swift; sourceTree = "<group>"; };
		A0FE8E73236B008400516B87 /* NetguruOffices.json */ = {isa = PBXFileReference; fileEncoding = 4; lastKnownFileType = text.json; path = NetguruOffices.json; sourceTree = "<group>"; };
		A0FE8E76236B00A500516B87 /* POIProvider.swift */ = {isa = PBXFileReference; fileEncoding = 4; lastKnownFileType = sourcecode.swift; path = POIProvider.swift; sourceTree = "<group>"; };
		A0FE8E77236B00A500516B87 /* FilePOIProvider.swift */ = {isa = PBXFileReference; fileEncoding = 4; lastKnownFileType = sourcecode.swift; path = FilePOIProvider.swift; sourceTree = "<group>"; };
/* End PBXFileReference section */

/* Begin PBXFrameworksBuildPhase section */
		A09047F1236973FD0027EA41 /* Frameworks */ = {
			isa = PBXFrameworksBuildPhase;
			buildActionMask = 2147483647;
			files = (
			);
			runOnlyForDeploymentPostprocessing = 0;
		};
		A09047F9236973FD0027EA41 /* Frameworks */ = {
			isa = PBXFrameworksBuildPhase;
			buildActionMask = 2147483647;
			files = (
				A09047FD236973FD0027EA41 /* ARLocalizerView.framework in Frameworks */,
			);
			runOnlyForDeploymentPostprocessing = 0;
		};
		A0BDE662235D9FB4006BBD03 /* Frameworks */ = {
			isa = PBXFrameworksBuildPhase;
			buildActionMask = 2147483647;
			files = (
				A0904853236991A70027EA41 /* ARLocalizerView.framework in Frameworks */,
			);
			runOnlyForDeploymentPostprocessing = 0;
		};
/* End PBXFrameworksBuildPhase section */

/* Begin PBXGroup section */
		A025FF3B2385B83C002B93A5 /* Models */ = {
			isa = PBXGroup;
			children = (
				A025FF392385B5D0002B93A5 /* POITests.swift */,
			);
			path = Models;
			sourceTree = "<group>";
		};
		A03068E523842D0D009DE554 /* View Models */ = {
			isa = PBXGroup;
			children = (
				A0A54A1523840FD900F227F9 /* ARViewModelTests.swift */,
			);
			path = "View Models";
			sourceTree = "<group>";
		};
		A0440E58238802EB0047440C /* Mocks */ = {
			isa = PBXGroup;
			children = (
				A0440E59238803040047440C /* MockSession.swift */,
				A0440E5B238803A80047440C /* MockError.swift */,
			);
			path = Mocks;
			sourceTree = "<group>";
		};
		A0440E5D238829A00047440C /* OverpassATMProvider */ = {
			isa = PBXGroup;
			children = (
				A0440E5E238829B90047440C /* OverpassATMProviderTests.swift */,
			);
			path = OverpassATMProvider;
			sourceTree = "<group>";
		};
		A0590EC92375808C00881046 /* POILabelView */ = {
			isa = PBXGroup;
			children = (
				A0590ECA2375808C00881046 /* POILabelView.swift */,
				A0590ECB2375808C00881046 /* SimplePOILabelView.swift */,
			);
			path = POILabelView;
			sourceTree = "<group>";
		};
		A066984923701EC700441CF1 /* Models */ = {
			isa = PBXGroup;
			children = (
				A066984A23701ED800441CF1 /* POILabelProperties.swift */,
				A0669854237034CB00441CF1 /* POI.swift */,
			);
			path = Models;
			sourceTree = "<group>";
		};
		A066985723703ED600441CF1 /* Extensions */ = {
			isa = PBXGroup;
			children = (
				A066985823703EF000441CF1 /* UIView+Layout.swift */,
				A0590ECE2375896F00881046 /* CGRect+Diagonal.swift */,
				A02B198523719E8A008EAE20 /* Angle.swift */,
			);
			path = Extensions;
			sourceTree = "<group>";
		};
		A0789DB923745D6700CD8C74 /* Other */ = {
			isa = PBXGroup;
			children = (
				A0789DB723745D5D00CD8C74 /* AngleConverter.swift */,
			);
			path = Other;
			sourceTree = "<group>";
		};
		A081A2FE23870A3B00FDE33B /* ARView */ = {
			isa = PBXGroup;
			children = (
				A081A2FC2386B16400FDE33B /* ARViewControllerTests.swift */,
				A081A30023870AAC00FDE33B /* ARViewTests.swift */,
			);
			path = ARView;
			sourceTree = "<group>";
		};
		A081A2FF23870A4400FDE33B /* Views */ = {
			isa = PBXGroup;
			children = (
				A081A304238719C300FDE33B /* POILabelView */,
				A081A2FE23870A3B00FDE33B /* ARView */,
				A081A30523871A3100FDE33B /* CameraPreviewTests.swift */,
			);
			path = Views;
			sourceTree = "<group>";
		};
		A081A304238719C300FDE33B /* POILabelView */ = {
			isa = PBXGroup;
			children = (
				A081A3022387177800FDE33B /* SimplePOILabelViewTests.swift */,
			);
			path = POILabelView;
			sourceTree = "<group>";
		};
		A08BADCF238BBA0E003914C8 /* Screens */ = {
			isa = PBXGroup;
			children = (
				A08BADD3238BBC1F003914C8 /* ARScreen */,
				A08BADD0238BBA1B003914C8 /* MapScreen */,
			);
			path = Screens;
			sourceTree = "<group>";
		};
		A08BADD0238BBA1B003914C8 /* MapScreen */ = {
			isa = PBXGroup;
			children = (
				A08BADD1238BBA3C003914C8 /* MapScreenViewTests.swift */,
			);
			path = MapScreen;
			sourceTree = "<group>";
		};
		A08BADD3238BBC1F003914C8 /* ARScreen */ = {
			isa = PBXGroup;
			children = (
				A08BADD4238BBC36003914C8 /* ARScreenViewTests.swift */,
			);
			path = ARScreen;
			sourceTree = "<group>";
		};
		A09047CD23675CE90027EA41 /* View Models */ = {
			isa = PBXGroup;
			children = (
				A09047D1236892220027EA41 /* ARViewModelProtocol.swift */,
				A09047C723675C6B0027EA41 /* ARViewModel.swift */,
			);
			path = "View Models";
			sourceTree = "<group>";
		};
		A09047CE23675CF30027EA41 /* ARView */ = {
			isa = PBXGroup;
			children = (
				A09047C923675C860027EA41 /* ARViewController.swift */,
				A09047C523675C520027EA41 /* ARView.swift */,
			);
			path = ARView;
			sourceTree = "<group>";
		};
		A09047CF23675D0B0027EA41 /* Views */ = {
			isa = PBXGroup;
			children = (
				A0590EC92375808C00881046 /* POILabelView */,
				A09047CE23675CF30027EA41 /* ARView */,
				A09047CB23675C9E0027EA41 /* CameraPreview.swift */,
			);
			path = Views;
			sourceTree = "<group>";
		};
		A09047F5236973FD0027EA41 /* ARLocalizerView */ = {
			isa = PBXGroup;
			children = (
				A0904830236977BE0027EA41 /* Source Files */,
				A090482D2369765A0027EA41 /* Supporting Files */,
			);
			path = ARLocalizerView;
			sourceTree = "<group>";
		};
		A0904800236973FD0027EA41 /* Unit Tests */ = {
			isa = PBXGroup;
			children = (
				A090482E236977330027EA41 /* Source Files */,
				A090482F2369773C0027EA41 /* Supporting Files */,
			);
			path = "Unit Tests";
			sourceTree = "<group>";
		};
		A090481E2369758C0027EA41 /* Configuration */ = {
			isa = PBXGroup;
			children = (
				A090481F2369758C0027EA41 /* App */,
				A09048232369758C0027EA41 /* Framework */,
				A09048272369758C0027EA41 /* Tests */,
				A09048292369758C0027EA41 /* Common */,
			);
			path = Configuration;
			sourceTree = "<group>";
		};
		A090481F2369758C0027EA41 /* App */ = {
			isa = PBXGroup;
			children = (
				A09048212369758C0027EA41 /* App-Base.xcconfig */,
				A09048202369758C0027EA41 /* App-Development.xcconfig */,
				A09048222369758C0027EA41 /* App-Staging.xcconfig */,
			);
			path = App;
			sourceTree = "<group>";
		};
		A09048232369758C0027EA41 /* Framework */ = {
			isa = PBXGroup;
			children = (
				A09048242369758C0027EA41 /* Framework-Base.xcconfig */,
			);
			path = Framework;
			sourceTree = "<group>";
		};
		A09048272369758C0027EA41 /* Tests */ = {
			isa = PBXGroup;
			children = (
				A090485023698C290027EA41 /* Tests-Base.xcconfig */,
			);
			path = Tests;
			sourceTree = "<group>";
		};
		A09048292369758C0027EA41 /* Common */ = {
			isa = PBXGroup;
			children = (
				A090482A2369758C0027EA41 /* Common-Base.xcconfig */,
				A090482B2369758C0027EA41 /* Common-Development.xcconfig */,
				A090482C2369758C0027EA41 /* Common-Staging.xcconfig */,
			);
			path = Common;
			sourceTree = "<group>";
		};
		A090482D2369765A0027EA41 /* Supporting Files */ = {
			isa = PBXGroup;
			children = (
				A09047F7236973FD0027EA41 /* Info.plist */,
			);
			path = "Supporting Files";
			sourceTree = "<group>";
		};
		A090482E236977330027EA41 /* Source Files */ = {
			isa = PBXGroup;
			children = (
				A0440E58238802EB0047440C /* Mocks */,
				A0440E5D238829A00047440C /* OverpassATMProvider */,
				A0DD98372387E9800061CFF5 /* Sample */,
				A0DD98362387E95D0061CFF5 /* ARLocalizerView */,
			);
			path = "Source Files";
			sourceTree = "<group>";
		};
		A090482F2369773C0027EA41 /* Supporting Files */ = {
			isa = PBXGroup;
			children = (
				A0904803236973FD0027EA41 /* Info.plist */,
			);
			path = "Supporting Files";
			sourceTree = "<group>";
		};
		A0904830236977BE0027EA41 /* Source Files */ = {
			isa = PBXGroup;
			children = (
				A066985723703ED600441CF1 /* Extensions */,
				A066984923701EC700441CF1 /* Models */,
				A0FE8E75236B008D00516B87 /* POIProvider */,
				A09047CF23675D0B0027EA41 /* Views */,
				A09047CD23675CE90027EA41 /* View Models */,
				A0789DB923745D6700CD8C74 /* Other */,
			);
			path = "Source Files";
			sourceTree = "<group>";
		};
		A0904836236977F30027EA41 /* Frameworks */ = {
			isa = PBXGroup;
			children = (
			);
			name = Frameworks;
			sourceTree = "<group>";
		};
		A0A54A172384115900F227F9 /* Other */ = {
			isa = PBXGroup;
			children = (
				A0904801236973FD0027EA41 /* AngleConverterTests.swift */,
			);
			path = Other;
			sourceTree = "<group>";
		};
		A0A54A1A2384140900F227F9 /* FilePOIProvider */ = {
			isa = PBXGroup;
			children = (
				A0A54A18238413E300F227F9 /* FilePOIProviderTests.swift */,
			);
			path = FilePOIProvider;
			sourceTree = "<group>";
		};
		A0BDE65C235D9FB4006BBD03 = {
			isa = PBXGroup;
			children = (
				A0BDE667235D9FB4006BBD03 /* Sample */,
				A09047F5236973FD0027EA41 /* ARLocalizerView */,
				A090481E2369758C0027EA41 /* Configuration */,
				A0904800236973FD0027EA41 /* Unit Tests */,
				A0BDE666235D9FB4006BBD03 /* Products */,
				A0904836236977F30027EA41 /* Frameworks */,
			);
			sourceTree = "<group>";
		};
		A0BDE666235D9FB4006BBD03 /* Products */ = {
			isa = PBXGroup;
			children = (
				A0BDE665235D9FB4006BBD03 /* ARLocalizerViewSample.app */,
				A09047F4236973FD0027EA41 /* ARLocalizerView.framework */,
				A09047FC236973FD0027EA41 /* ARLocalizerViewTests.xctest */,
			);
			name = Products;
			sourceTree = "<group>";
		};
		A0BDE667235D9FB4006BBD03 /* Sample */ = {
			isa = PBXGroup;
			children = (
				A0BDE68A235DAF75006BBD03 /* Source Files */,
				A0BDE68C235DAF86006BBD03 /* Interface */,
				A0BDE68B235DAF7E006BBD03 /* Resources */,
				A0BDE68D235DAF9D006BBD03 /* Supporting Files */,
			);
			path = Sample;
			sourceTree = "<group>";
		};
		A0BDE68A235DAF75006BBD03 /* Source Files */ = {
			isa = PBXGroup;
			children = (
				A0EFA6A7237E97E30070A5F7 /* Application */,
				A0EFA6A0237E97E30070A5F7 /* OverpassATMProvider */,
				A0EFA6A3237E97E30070A5F7 /* Coordinators */,
				A0EFA6AA237E97E30070A5F7 /* Networking */,
				A0EFA6AD237E97E40070A5F7 /* Screens */,
			);
			path = "Source Files";
			sourceTree = "<group>";
		};
		A0BDE68B235DAF7E006BBD03 /* Resources */ = {
			isa = PBXGroup;
			children = (
				A0BDE671235D9FB5006BBD03 /* Assets.xcassets */,
				A0440E602388306F0047440C /* OverpassSample.xml */,
				A0FE8E73236B008400516B87 /* NetguruOffices.json */,
			);
			path = Resources;
			sourceTree = "<group>";
		};
		A0BDE68C235DAF86006BBD03 /* Interface */ = {
			isa = PBXGroup;
			children = (
				A0BDE673235D9FB5006BBD03 /* LaunchScreen.storyboard */,
			);
			path = Interface;
			sourceTree = "<group>";
		};
		A0BDE68D235DAF9D006BBD03 /* Supporting Files */ = {
			isa = PBXGroup;
			children = (
				A0BDE676235D9FB5006BBD03 /* Info.plist */,
			);
			path = "Supporting Files";
			sourceTree = "<group>";
		};
		A0DD98362387E95D0061CFF5 /* ARLocalizerView */ = {
			isa = PBXGroup;
			children = (
				A025FF3B2385B83C002B93A5 /* Models */,
				A0A54A1A2384140900F227F9 /* FilePOIProvider */,
				A0A54A172384115900F227F9 /* Other */,
				A03068E523842D0D009DE554 /* View Models */,
				A081A2FF23870A4400FDE33B /* Views */,
				A0A54A1B2384146F00F227F9 /* ExtensionsTests.swift */,
			);
			path = ARLocalizerView;
			sourceTree = "<group>";
		};
		A0DD98372387E9800061CFF5 /* Sample */ = {
			isa = PBXGroup;
			children = (
				A08BADCF238BBA0E003914C8 /* Screens */,
				A0DD98382387E9CF0061CFF5 /* Coordinators */,
				A0DD983D2387F1CE0061CFF5 /* Networking */,
			);
			path = Sample;
			sourceTree = "<group>";
		};
		A0DD98382387E9CF0061CFF5 /* Coordinators */ = {
			isa = PBXGroup;
			children = (
				A0DD98392387E9E20061CFF5 /* CoordinatorTests.swift */,
			);
			path = Coordinators;
			sourceTree = "<group>";
		};
		A0DD983D2387F1CE0061CFF5 /* Networking */ = {
			isa = PBXGroup;
			children = (
				A0DD983B2387EE310061CFF5 /* NetworkErrorTests.swift */,
				A0DD983E2387F2AB0061CFF5 /* OverpassATMNetworkClientTests.swift */,
			);
			path = Networking;
			sourceTree = "<group>";
		};
		A0EFA6A0237E97E30070A5F7 /* OverpassATMProvider */ = {
			isa = PBXGroup;
			children = (
				A0EFA6A1237E97E30070A5F7 /* OverpassATMProvider.swift */,
				A0EFA6A2237E97E30070A5F7 /* POIExtractor.swift */,
				A0EFA6C8237EEEC20070A5F7 /* OverpassATMExtractor.swift */,
			);
			path = OverpassATMProvider;
			sourceTree = "<group>";
		};
		A0EFA6A3237E97E30070A5F7 /* Coordinators */ = {
			isa = PBXGroup;
			children = (
				A0EFA6A5237E97E30070A5F7 /* Coordinator.swift */,
			);
			path = Coordinators;
			sourceTree = "<group>";
		};
		A0EFA6A7237E97E30070A5F7 /* Application */ = {
			isa = PBXGroup;
			children = (
				A0EFA6A8237E97E30070A5F7 /* AppDelegate.swift */,
				A0EFA6A9237E97E30070A5F7 /* Factory.swift */,
			);
			path = Application;
			sourceTree = "<group>";
		};
		A0EFA6AA237E97E30070A5F7 /* Networking */ = {
			isa = PBXGroup;
			children = (
				A0EFA6C1237EB7100070A5F7 /* NetworkError.swift */,
				A0EFA6AB237E97E30070A5F7 /* NetworkClient.swift */,
				A0440E562387FC5B0047440C /* URLSessionProtocol.swift */,
				A0EFA6AC237E97E30070A5F7 /* OverpassATMNetworkClient.swift */,
			);
			path = Networking;
			sourceTree = "<group>";
		};
		A0EFA6AD237E97E40070A5F7 /* Screens */ = {
			isa = PBXGroup;
			children = (
				A0EFA6AE237E97E40070A5F7 /* MapScreen */,
				A0EFA6B1237E97E40070A5F7 /* ARScreen */,
			);
			path = Screens;
			sourceTree = "<group>";
		};
		A0EFA6AE237E97E40070A5F7 /* MapScreen */ = {
			isa = PBXGroup;
			children = (
				A0EFA6AF237E97E40070A5F7 /* MapScreenView.swift */,
				A0EFA6B0237E97E40070A5F7 /* MapScreenViewController.swift */,
			);
			path = MapScreen;
			sourceTree = "<group>";
		};
		A0EFA6B1237E97E40070A5F7 /* ARScreen */ = {
			isa = PBXGroup;
			children = (
				A0EFA6B2237E97E40070A5F7 /* ARScreenView.swift */,
				A033A5A72382D6590096E1EE /* ATMLabelView.swift */,
				A0EFA6B3237E97E40070A5F7 /* ARScreenViewController.swift */,
			);
			path = ARScreen;
			sourceTree = "<group>";
		};
		A0FE8E75236B008D00516B87 /* POIProvider */ = {
			isa = PBXGroup;
			children = (
				A0FE8E77236B00A500516B87 /* FilePOIProvider.swift */,
				A0FE8E76236B00A500516B87 /* POIProvider.swift */,
			);
			path = POIProvider;
			sourceTree = "<group>";
		};
/* End PBXGroup section */

/* Begin PBXHeadersBuildPhase section */
		A09047EF236973FD0027EA41 /* Headers */ = {
			isa = PBXHeadersBuildPhase;
			buildActionMask = 2147483647;
			files = (
			);
			runOnlyForDeploymentPostprocessing = 0;
		};
/* End PBXHeadersBuildPhase section */

/* Begin PBXNativeTarget section */
		A09047F3236973FD0027EA41 /* Framework */ = {
			isa = PBXNativeTarget;
			buildConfigurationList = A0904809236973FD0027EA41 /* Build configuration list for PBXNativeTarget "Framework" */;
			buildPhases = (
				A09047EF236973FD0027EA41 /* Headers */,
				A09047F0236973FD0027EA41 /* Sources */,
				A09047F1236973FD0027EA41 /* Frameworks */,
				A09047F2236973FD0027EA41 /* Resources */,
			);
			buildRules = (
			);
			dependencies = (
			);
			name = Framework;
			productName = "AR Localizer View";
			productReference = A09047F4236973FD0027EA41 /* ARLocalizerView.framework */;
			productType = "com.apple.product-type.framework";
		};
		A09047FB236973FD0027EA41 /* Unit Tests */ = {
			isa = PBXNativeTarget;
			buildConfigurationList = A090480A236973FD0027EA41 /* Build configuration list for PBXNativeTarget "Unit Tests" */;
			buildPhases = (
				A09047F8236973FD0027EA41 /* Sources */,
				A09047F9236973FD0027EA41 /* Frameworks */,
				A09047FA236973FD0027EA41 /* Resources */,
			);
			buildRules = (
			);
			dependencies = (
				A09047FF236973FD0027EA41 /* PBXTargetDependency */,
				A0904852236990650027EA41 /* PBXTargetDependency */,
			);
			name = "Unit Tests";
			productName = "AR Localizer ViewTests";
			productReference = A09047FC236973FD0027EA41 /* ARLocalizerViewTests.xctest */;
			productType = "com.apple.product-type.bundle.unit-test";
		};
		A0BDE664235D9FB4006BBD03 /* Sample */ = {
			isa = PBXNativeTarget;
			buildConfigurationList = A0BDE684235D9FB5006BBD03 /* Build configuration list for PBXNativeTarget "Sample" */;
			buildPhases = (
				A0BDE661235D9FB4006BBD03 /* Sources */,
				A0BDE662235D9FB4006BBD03 /* Frameworks */,
				A0BDE663235D9FB4006BBD03 /* Resources */,
				A0D18BAA235DD989000AFF0C /* ShellScript */,
				A0904857236991A70027EA41 /* Embed Frameworks */,
			);
			buildRules = (
			);
			dependencies = (
				A0904856236991A70027EA41 /* PBXTargetDependency */,
			);
			name = Sample;
			productName = "AR Localizer View";
			productReference = A0BDE665235D9FB4006BBD03 /* ARLocalizerViewSample.app */;
			productType = "com.apple.product-type.application";
		};
/* End PBXNativeTarget section */

/* Begin PBXProject section */
		A0BDE65D235D9FB4006BBD03 /* Project object */ = {
			isa = PBXProject;
			attributes = {
				LastSwiftUpdateCheck = 1110;
				LastUpgradeCheck = 1110;
				TargetAttributes = {
					A09047F3236973FD0027EA41 = {
						CreatedOnToolsVersion = 11.1;
					};
					A09047FB236973FD0027EA41 = {
						CreatedOnToolsVersion = 11.1;
						TestTargetID = A0BDE664235D9FB4006BBD03;
					};
					A0BDE664235D9FB4006BBD03 = {
						CreatedOnToolsVersion = 11.1;
					};
				};
			};
			buildConfigurationList = A0BDE660235D9FB4006BBD03 /* Build configuration list for PBXProject "ARLocalizerView" */;
			compatibilityVersion = "Xcode 9.3";
			developmentRegion = en;
			hasScannedForEncodings = 0;
			knownRegions = (
				en,
				Base,
			);
			mainGroup = A0BDE65C235D9FB4006BBD03;
			productRefGroup = A0BDE666235D9FB4006BBD03 /* Products */;
			projectDirPath = "";
			projectRoot = "";
			targets = (
				A0BDE664235D9FB4006BBD03 /* Sample */,
				A09047F3236973FD0027EA41 /* Framework */,
				A09047FB236973FD0027EA41 /* Unit Tests */,
			);
		};
/* End PBXProject section */

/* Begin PBXResourcesBuildPhase section */
		A09047F2236973FD0027EA41 /* Resources */ = {
			isa = PBXResourcesBuildPhase;
			buildActionMask = 2147483647;
			files = (
			);
			runOnlyForDeploymentPostprocessing = 0;
		};
		A09047FA236973FD0027EA41 /* Resources */ = {
			isa = PBXResourcesBuildPhase;
			buildActionMask = 2147483647;
			files = (
			);
			runOnlyForDeploymentPostprocessing = 0;
		};
		A0BDE663235D9FB4006BBD03 /* Resources */ = {
			isa = PBXResourcesBuildPhase;
			buildActionMask = 2147483647;
			files = (
				A0BDE675235D9FB5006BBD03 /* LaunchScreen.storyboard in Resources */,
				A0FE8E74236B008400516B87 /* NetguruOffices.json in Resources */,
				A0440E63238831B70047440C /* OverpassSample.xml in Resources */,
				A0BDE672235D9FB5006BBD03 /* Assets.xcassets in Resources */,
			);
			runOnlyForDeploymentPostprocessing = 0;
		};
/* End PBXResourcesBuildPhase section */

/* Begin PBXShellScriptBuildPhase section */
		A0D18BAA235DD989000AFF0C /* ShellScript */ = {
			isa = PBXShellScriptBuildPhase;
			buildActionMask = 2147483647;
			files = (
			);
			inputFileListPaths = (
			);
			inputPaths = (
			);
			outputFileListPaths = (
			);
			outputPaths = (
			);
			runOnlyForDeploymentPostprocessing = 0;
			shellPath = /bin/sh;
			shellScript = "if which swiftlint >/dev/null; then\n  swiftlint\nelse\n  echo \"error: SwiftLint not installed, download from https://github.com/realm/SwiftLint\"\nfi\n";
		};
/* End PBXShellScriptBuildPhase section */

/* Begin PBXSourcesBuildPhase section */
		A09047F0236973FD0027EA41 /* Sources */ = {
			isa = PBXSourcesBuildPhase;
			buildActionMask = 2147483647;
			files = (
				A0590ECD2375808C00881046 /* SimplePOILabelView.swift in Sources */,
				A066984C23701F7700441CF1 /* POILabelProperties.swift in Sources */,
				A02B198623719E8A008EAE20 /* Angle.swift in Sources */,
				A0669856237034EE00441CF1 /* POI.swift in Sources */,
				A0904831236977D40027EA41 /* CameraPreview.swift in Sources */,
				A0FE8E7B236B04D600516B87 /* POIProvider.swift in Sources */,
				A066985A23703EF200441CF1 /* UIView+Layout.swift in Sources */,
				A0904832236977DB0027EA41 /* ARViewController.swift in Sources */,
				A0904835236977E10027EA41 /* ARViewModelProtocol.swift in Sources */,
				A0904833236977DB0027EA41 /* ARView.swift in Sources */,
				A0590ECF2375896F00881046 /* CGRect+Diagonal.swift in Sources */,
				A0904834236977E10027EA41 /* ARViewModel.swift in Sources */,
				A0590ECC2375808C00881046 /* POILabelView.swift in Sources */,
				A0789DBA23745E5B00CD8C74 /* AngleConverter.swift in Sources */,
				A0FE8E7A236B04D600516B87 /* FilePOIProvider.swift in Sources */,
			);
			runOnlyForDeploymentPostprocessing = 0;
		};
		A09047F8236973FD0027EA41 /* Sources */ = {
			isa = PBXSourcesBuildPhase;
			buildActionMask = 2147483647;
			files = (
				A0440E5C238803A80047440C /* MockError.swift in Sources */,
				A0440E5F238829B90047440C /* OverpassATMProviderTests.swift in Sources */,
				A081A3032387177800FDE33B /* SimplePOILabelViewTests.swift in Sources */,
				A0904802236973FD0027EA41 /* AngleConverterTests.swift in Sources */,
				A0DD983C2387EE310061CFF5 /* NetworkErrorTests.swift in Sources */,
				A081A30123870AAC00FDE33B /* ARViewTests.swift in Sources */,
				A025FF3A2385B5D0002B93A5 /* POITests.swift in Sources */,
				A0A54A1623840FD900F227F9 /* ARViewModelTests.swift in Sources */,
				A081A2FD2386B16400FDE33B /* ARViewControllerTests.swift in Sources */,
				A0DD983F2387F2AB0061CFF5 /* OverpassATMNetworkClientTests.swift in Sources */,
				A0DD983A2387E9E20061CFF5 /* CoordinatorTests.swift in Sources */,
				A0A54A19238413E300F227F9 /* FilePOIProviderTests.swift in Sources */,
				A081A30623871A3100FDE33B /* CameraPreviewTests.swift in Sources */,
				A08BADD5238BBC36003914C8 /* ARScreenViewTests.swift in Sources */,
				A0A54A1C2384146F00F227F9 /* ExtensionsTests.swift in Sources */,
				A0440E5A238803040047440C /* MockSession.swift in Sources */,
				A08BADD2238BBA3C003914C8 /* MapScreenViewTests.swift in Sources */,
			);
			runOnlyForDeploymentPostprocessing = 0;
		};
		A0BDE661235D9FB4006BBD03 /* Sources */ = {
			isa = PBXSourcesBuildPhase;
			buildActionMask = 2147483647;
			files = (
				A0440E572387FC5B0047440C /* URLSessionProtocol.swift in Sources */,
				A0EFA6BE237E97E40070A5F7 /* MapScreenViewController.swift in Sources */,
				A0EFA6C2237EB7100070A5F7 /* NetworkError.swift in Sources */,
				A0EFA6B9237E97E40070A5F7 /* AppDelegate.swift in Sources */,
				A0EFA6B4237E97E40070A5F7 /* OverpassATMProvider.swift in Sources */,
				A0EFA6B7237E97E40070A5F7 /* Coordinator.swift in Sources */,
				A0EFA6C0237E97E40070A5F7 /* ARScreenViewController.swift in Sources */,
				A0EFA6BF237E97E40070A5F7 /* ARScreenView.swift in Sources */,
				A0EFA6BC237E97E40070A5F7 /* OverpassATMNetworkClient.swift in Sources */,
				A0EFA6BD237E97E40070A5F7 /* MapScreenView.swift in Sources */,
				A033A5A82382D6590096E1EE /* ATMLabelView.swift in Sources */,
				A0EFA6B5237E97E40070A5F7 /* POIExtractor.swift in Sources */,
				A0EFA6BA237E97E40070A5F7 /* Factory.swift in Sources */,
				A0EFA6BB237E97E40070A5F7 /* NetworkClient.swift in Sources */,
				A0EFA6C9237EEEC20070A5F7 /* OverpassATMExtractor.swift in Sources */,
			);
			runOnlyForDeploymentPostprocessing = 0;
		};
/* End PBXSourcesBuildPhase section */

/* Begin PBXTargetDependency section */
		A09047FF236973FD0027EA41 /* PBXTargetDependency */ = {
			isa = PBXTargetDependency;
			target = A09047F3236973FD0027EA41 /* Framework */;
			targetProxy = A09047FE236973FD0027EA41 /* PBXContainerItemProxy */;
		};
		A0904852236990650027EA41 /* PBXTargetDependency */ = {
			isa = PBXTargetDependency;
			target = A0BDE664235D9FB4006BBD03 /* Sample */;
			targetProxy = A0904851236990650027EA41 /* PBXContainerItemProxy */;
		};
		A0904856236991A70027EA41 /* PBXTargetDependency */ = {
			isa = PBXTargetDependency;
			target = A09047F3236973FD0027EA41 /* Framework */;
			targetProxy = A0904855236991A70027EA41 /* PBXContainerItemProxy */;
		};
/* End PBXTargetDependency section */

/* Begin PBXVariantGroup section */
		A0BDE673235D9FB5006BBD03 /* LaunchScreen.storyboard */ = {
			isa = PBXVariantGroup;
			children = (
				A0BDE674235D9FB5006BBD03 /* Base */,
			);
			name = LaunchScreen.storyboard;
			sourceTree = "<group>";
		};
/* End PBXVariantGroup section */

/* Begin XCBuildConfiguration section */
		A0696710235EE6E800B19C5E /* Development */ = {
			isa = XCBuildConfiguration;
			baseConfigurationReference = A090482B2369758C0027EA41 /* Common-Development.xcconfig */;
			buildSettings = {
			};
			name = Development;
		};
		A0696711235EE6E800B19C5E /* Development */ = {
			isa = XCBuildConfiguration;
			baseConfigurationReference = A09048202369758C0027EA41 /* App-Development.xcconfig */;
			buildSettings = {
			};
			name = Development;
		};
		A0696713235EE6EB00B19C5E /* Staging */ = {
			isa = XCBuildConfiguration;
			baseConfigurationReference = A090482C2369758C0027EA41 /* Common-Staging.xcconfig */;
			buildSettings = {
			};
			name = Staging;
		};
		A0696714235EE6EB00B19C5E /* Staging */ = {
			isa = XCBuildConfiguration;
			baseConfigurationReference = A09048222369758C0027EA41 /* App-Staging.xcconfig */;
			buildSettings = {
			};
			name = Staging;
		};
		A0904805236973FD0027EA41 /* Development */ = {
			isa = XCBuildConfiguration;
			baseConfigurationReference = A09048242369758C0027EA41 /* Framework-Base.xcconfig */;
			buildSettings = {
			};
			name = Development;
		};
		A0904806236973FD0027EA41 /* Staging */ = {
			isa = XCBuildConfiguration;
			baseConfigurationReference = A09048242369758C0027EA41 /* Framework-Base.xcconfig */;
			buildSettings = {
			};
			name = Staging;
		};
		A0904807236973FD0027EA41 /* Development */ = {
			isa = XCBuildConfiguration;
			baseConfigurationReference = A090485023698C290027EA41 /* Tests-Base.xcconfig */;
			buildSettings = {
				ALWAYS_EMBED_SWIFT_STANDARD_LIBRARIES = YES;
			};
			name = Development;
		};
		A0904808236973FD0027EA41 /* Staging */ = {
			isa = XCBuildConfiguration;
			baseConfigurationReference = A090485023698C290027EA41 /* Tests-Base.xcconfig */;
			buildSettings = {
				ALWAYS_EMBED_SWIFT_STANDARD_LIBRARIES = YES;
			};
			name = Staging;
		};
/* End XCBuildConfiguration section */

/* Begin XCConfigurationList section */
		A0904809236973FD0027EA41 /* Build configuration list for PBXNativeTarget "Framework" */ = {
			isa = XCConfigurationList;
			buildConfigurations = (
				A0904805236973FD0027EA41 /* Development */,
				A0904806236973FD0027EA41 /* Staging */,
			);
			defaultConfigurationIsVisible = 0;
			defaultConfigurationName = Development;
		};
		A090480A236973FD0027EA41 /* Build configuration list for PBXNativeTarget "Unit Tests" */ = {
			isa = XCConfigurationList;
			buildConfigurations = (
				A0904807236973FD0027EA41 /* Development */,
				A0904808236973FD0027EA41 /* Staging */,
			);
			defaultConfigurationIsVisible = 0;
			defaultConfigurationName = Development;
		};
		A0BDE660235D9FB4006BBD03 /* Build configuration list for PBXProject "ARLocalizerView" */ = {
			isa = XCConfigurationList;
			buildConfigurations = (
				A0696710235EE6E800B19C5E /* Development */,
				A0696713235EE6EB00B19C5E /* Staging */,
			);
			defaultConfigurationIsVisible = 0;
			defaultConfigurationName = Development;
		};
		A0BDE684235D9FB5006BBD03 /* Build configuration list for PBXNativeTarget "Sample" */ = {
			isa = XCConfigurationList;
			buildConfigurations = (
				A0696711235EE6E800B19C5E /* Development */,
				A0696714235EE6EB00B19C5E /* Staging */,
			);
			defaultConfigurationIsVisible = 0;
			defaultConfigurationName = Development;
		};
/* End XCConfigurationList section */
	};
	rootObject = A0BDE65D235D9FB4006BBD03 /* Project object */;
}
